
Microsoft Visual Studio Solution File, Format Version 12.00
# Visual Studio Version 16
VisualStudioVersion = 16.0.29409.12
MinimumVisualStudioVersion = 10.0.40219.1
Project("{8BC9CEB8-8B4A-11D0-8D11-00A0C91BC942}") = "Work3", "Work3\Work3.vcxproj", "{D56F1BF9-4F27-4A45-81F1-8D0E7FDFE2A9}"
EndProject
Global
	GlobalSection(SolutionConfigurationPlatforms) = preSolution
		Debug|x64 = Debug|x64
		Debug|x86 = Debug|x86
		Release|x64 = Release|x64
		Release|x86 = Release|x86
	EndGlobalSection
	GlobalSection(ProjectConfigurationPlatforms) = postSolution
		{D56F1BF9-4F27-4A45-81F1-8D0E7FDFE2A9}.Debug|x64.ActiveCfg = Debug|x64
		{D56F1BF9-4F27-4A45-81F1-8D0E7FDFE2A9}.Debug|x64.Build.0 = Debug|x64
		{D56F1BF9-4F27-4A45-81F1-8D0E7FDFE2A9}.Debug|x86.ActiveCfg = Debug|Win32
		{D56F1BF9-4F27-4A45-81F1-8D0E7FDFE2A9}.Debug|x86.Build.0 = Debug|Win32
		{D56F1BF9-4F27-4A45-81F1-8D0E7FDFE2A9}.Release|x64.ActiveCfg = Release|x64
		{D56F1BF9-4F27-4A45-81F1-8D0E7FDFE2A9}.Release|x64.Build.0 = Release|x64
		{D56F1BF9-4F27-4A45-81F1-8D0E7FDFE2A9}.Release|x86.ActiveCfg = Release|Win32
		{D56F1BF9-4F27-4A45-81F1-8D0E7FDFE2A9}.Release|x86.Build.0 = Release|Win32
	EndGlobalSection
	GlobalSection(SolutionProperties) = preSolution
		HideSolutionNode = FALSE
	EndGlobalSection
	GlobalSection(ExtensibilityGlobals) = postSolution
		SolutionGuid = {3D6E6BF2-308E-4EC4-88D8-D50885CB6DB4}
	EndGlobalSection
EndGlobal
