
Microsoft Visual Studio Solution File, Format Version 12.00
# Visual Studio 2012
Project("{8BC9CEB8-8B4A-11D0-8D11-00A0C91BC942}") = "4shangji", "4shangji\4shangji.vcxproj", "{6443EAB4-62D8-41D6-A1E2-F71EE80CBA7A}"
EndProject
Global
	GlobalSection(SolutionConfigurationPlatforms) = preSolution
		Debug|Win32 = Debug|Win32
		Release|Win32 = Release|Win32
	EndGlobalSection
	GlobalSection(ProjectConfigurationPlatforms) = postSolution
		{6443EAB4-62D8-41D6-A1E2-F71EE80CBA7A}.Debug|Win32.ActiveCfg = Debug|Win32
		{6443EAB4-62D8-41D6-A1E2-F71EE80CBA7A}.Debug|Win32.Build.0 = Debug|Win32
		{6443EAB4-62D8-41D6-A1E2-F71EE80CBA7A}.Release|Win32.ActiveCfg = Release|Win32
		{6443EAB4-62D8-41D6-A1E2-F71EE80CBA7A}.Release|Win32.Build.0 = Release|Win32
	EndGlobalSection
	GlobalSection(SolutionProperties) = preSolution
		HideSolutionNode = FALSE
	EndGlobalSection
EndGlobal
