
Microsoft Visual Studio Solution File, Format Version 12.00
# Visual Studio 15
VisualStudioVersion = 15.0.28307.1585
MinimumVisualStudioVersion = 10.0.40219.1
Project("{8BC9CEB8-8B4A-11D0-8D11-00A0C91BC942}") = "自己", "自己\自己.vcxproj", "{C65B1078-132E-446C-9A74-B69A613B9D52}"
EndProject
Global
	GlobalSection(SolutionConfigurationPlatforms) = preSolution
		Debug|x64 = Debug|x64
		Debug|x86 = Debug|x86
		Release|x64 = Release|x64
		Release|x86 = Release|x86
	EndGlobalSection
	GlobalSection(ProjectConfigurationPlatforms) = postSolution
		{C65B1078-132E-446C-9A74-B69A613B9D52}.Debug|x64.ActiveCfg = Debug|x64
		{C65B1078-132E-446C-9A74-B69A613B9D52}.Debug|x64.Build.0 = Debug|x64
		{C65B1078-132E-446C-9A74-B69A613B9D52}.Debug|x86.ActiveCfg = Debug|Win32
		{C65B1078-132E-446C-9A74-B69A613B9D52}.Debug|x86.Build.0 = Debug|Win32
		{C65B1078-132E-446C-9A74-B69A613B9D52}.Release|x64.ActiveCfg = Release|x64
		{C65B1078-132E-446C-9A74-B69A613B9D52}.Release|x64.Build.0 = Release|x64
		{C65B1078-132E-446C-9A74-B69A613B9D52}.Release|x86.ActiveCfg = Release|Win32
		{C65B1078-132E-446C-9A74-B69A613B9D52}.Release|x86.Build.0 = Release|Win32
	EndGlobalSection
	GlobalSection(SolutionProperties) = preSolution
		HideSolutionNode = FALSE
	EndGlobalSection
	GlobalSection(ExtensibilityGlobals) = postSolution
		SolutionGuid = {F85DA95F-1520-4FB2-834B-99950B803A5A}
	EndGlobalSection
EndGlobal
